
Microsoft Visual Studio Solution File, Format Version 12.00
# Visual Studio 15
VisualStudioVersion = 15.0.27428.2015
MinimumVisualStudioVersion = 10.0.40219.1
Project("{FAE04EC0-301F-11D3-BF4B-00C04F79EFBC}") = "IT391_Williams_Unit3_Assignment1_C", "IT391_Williams_Unit3_Assignment1_C\IT391_Williams_Unit3_Assignment1_C.csproj", "{D3C89857-4EBF-4507-85BF-7F0FBC285B7F}"
EndProject
Global
	GlobalSection(SolutionConfigurationPlatforms) = preSolution
		Debug|Any CPU = Debug|Any CPU
		Release|Any CPU = Release|Any CPU
	EndGlobalSection
	GlobalSection(ProjectConfigurationPlatforms) = postSolution
		{D3C89857-4EBF-4507-85BF-7F0FBC285B7F}.Debug|Any CPU.ActiveCfg = Debug|Any CPU
		{D3C89857-4EBF-4507-85BF-7F0FBC285B7F}.Debug|Any CPU.Build.0 = Debug|Any CPU
		{D3C89857-4EBF-4507-85BF-7F0FBC285B7F}.Release|Any CPU.ActiveCfg = Release|Any CPU
		{D3C89857-4EBF-4507-85BF-7F0FBC285B7F}.Release|Any CPU.Build.0 = Release|Any CPU
	EndGlobalSection
	GlobalSection(SolutionProperties) = preSolution
		HideSolutionNode = FALSE
	EndGlobalSection
	GlobalSection(ExtensibilityGlobals) = postSolution
		SolutionGuid = {864CA075-41AC-4EF3-93E6-8373BFF7D50A}
	EndGlobalSection
EndGlobal
