
Microsoft Visual Studio Solution File, Format Version 12.00
# Visual Studio 15
VisualStudioVersion = 15.0.27428.2015
MinimumVisualStudioVersion = 10.0.40219.1
Project("{FAE04EC0-301F-11D3-BF4B-00C04F79EFBC}") = "IT391_Williams_Unit4_Assignment3_C", "IT391_Williams_Unit4_Assignment3_C\IT391_Williams_Unit4_Assignment3_C.csproj", "{751DDDA4-74A1-4454-8801-75F637EBBD69}"
EndProject
Global
	GlobalSection(SolutionConfigurationPlatforms) = preSolution
		Debug|Any CPU = Debug|Any CPU
		Release|Any CPU = Release|Any CPU
	EndGlobalSection
	GlobalSection(ProjectConfigurationPlatforms) = postSolution
		{751DDDA4-74A1-4454-8801-75F637EBBD69}.Debug|Any CPU.ActiveCfg = Debug|Any CPU
		{751DDDA4-74A1-4454-8801-75F637EBBD69}.Debug|Any CPU.Build.0 = Debug|Any CPU
		{751DDDA4-74A1-4454-8801-75F637EBBD69}.Release|Any CPU.ActiveCfg = Release|Any CPU
		{751DDDA4-74A1-4454-8801-75F637EBBD69}.Release|Any CPU.Build.0 = Release|Any CPU
	EndGlobalSection
	GlobalSection(SolutionProperties) = preSolution
		HideSolutionNode = FALSE
	EndGlobalSection
	GlobalSection(ExtensibilityGlobals) = postSolution
		SolutionGuid = {2B589AEA-5EE3-4D06-BDA4-AA51182513D9}
	EndGlobalSection
EndGlobal
