
Microsoft Visual Studio Solution File, Format Version 12.00
# Visual Studio 15
VisualStudioVersion = 15.0.27428.2015
MinimumVisualStudioVersion = 10.0.40219.1
Project("{FAE04EC0-301F-11D3-BF4B-00C04F79EFBC}") = "IT391_Williams_Unit1_Assignment3_C", "IT391_Williams_Unit1_Assignment3_C\IT391_Williams_Unit1_Assignment3_C.csproj", "{68B41274-98AE-4126-8356-88BC53D45252}"
EndProject
Global
	GlobalSection(SolutionConfigurationPlatforms) = preSolution
		Debug|Any CPU = Debug|Any CPU
		Release|Any CPU = Release|Any CPU
	EndGlobalSection
	GlobalSection(ProjectConfigurationPlatforms) = postSolution
		{68B41274-98AE-4126-8356-88BC53D45252}.Debug|Any CPU.ActiveCfg = Debug|Any CPU
		{68B41274-98AE-4126-8356-88BC53D45252}.Debug|Any CPU.Build.0 = Debug|Any CPU
		{68B41274-98AE-4126-8356-88BC53D45252}.Release|Any CPU.ActiveCfg = Release|Any CPU
		{68B41274-98AE-4126-8356-88BC53D45252}.Release|Any CPU.Build.0 = Release|Any CPU
	EndGlobalSection
	GlobalSection(SolutionProperties) = preSolution
		HideSolutionNode = FALSE
	EndGlobalSection
	GlobalSection(ExtensibilityGlobals) = postSolution
		SolutionGuid = {3A1DD279-C6FD-4C11-A848-B843B0C89416}
	EndGlobalSection
EndGlobal
