
Microsoft Visual Studio Solution File, Format Version 12.00
# Visual Studio 15
VisualStudioVersion = 15.0.27428.2015
MinimumVisualStudioVersion = 10.0.40219.1
Project("{FAE04EC0-301F-11D3-BF4B-00C04F79EFBC}") = "IT391_Williams_Unit3_Assignment2_C", "IT391_Williams_Unit3_Assignment2_C\IT391_Williams_Unit3_Assignment2_C.csproj", "{5DAFC40D-8F19-42CC-8B54-FB760A54AF64}"
EndProject
Global
	GlobalSection(SolutionConfigurationPlatforms) = preSolution
		Debug|Any CPU = Debug|Any CPU
		Release|Any CPU = Release|Any CPU
	EndGlobalSection
	GlobalSection(ProjectConfigurationPlatforms) = postSolution
		{5DAFC40D-8F19-42CC-8B54-FB760A54AF64}.Debug|Any CPU.ActiveCfg = Debug|Any CPU
		{5DAFC40D-8F19-42CC-8B54-FB760A54AF64}.Debug|Any CPU.Build.0 = Debug|Any CPU
		{5DAFC40D-8F19-42CC-8B54-FB760A54AF64}.Release|Any CPU.ActiveCfg = Release|Any CPU
		{5DAFC40D-8F19-42CC-8B54-FB760A54AF64}.Release|Any CPU.Build.0 = Release|Any CPU
	EndGlobalSection
	GlobalSection(SolutionProperties) = preSolution
		HideSolutionNode = FALSE
	EndGlobalSection
	GlobalSection(ExtensibilityGlobals) = postSolution
		SolutionGuid = {106ED3EA-A660-40A5-8400-8985650BA316}
	EndGlobalSection
EndGlobal
