
Microsoft Visual Studio Solution File, Format Version 12.00
# Visual Studio 15
VisualStudioVersion = 15.0.27428.2015
MinimumVisualStudioVersion = 10.0.40219.1
Project("{FAE04EC0-301F-11D3-BF4B-00C04F79EFBC}") = "IT391_Williams_Unit4_Assignment1_C", "IT391_Williams_Unit4_Assignment1_C\IT391_Williams_Unit4_Assignment1_C.csproj", "{44BD2A41-996D-44B3-B522-F3989ED55BBC}"
EndProject
Global
	GlobalSection(SolutionConfigurationPlatforms) = preSolution
		Debug|Any CPU = Debug|Any CPU
		Release|Any CPU = Release|Any CPU
	EndGlobalSection
	GlobalSection(ProjectConfigurationPlatforms) = postSolution
		{44BD2A41-996D-44B3-B522-F3989ED55BBC}.Debug|Any CPU.ActiveCfg = Debug|Any CPU
		{44BD2A41-996D-44B3-B522-F3989ED55BBC}.Debug|Any CPU.Build.0 = Debug|Any CPU
		{44BD2A41-996D-44B3-B522-F3989ED55BBC}.Release|Any CPU.ActiveCfg = Release|Any CPU
		{44BD2A41-996D-44B3-B522-F3989ED55BBC}.Release|Any CPU.Build.0 = Release|Any CPU
	EndGlobalSection
	GlobalSection(SolutionProperties) = preSolution
		HideSolutionNode = FALSE
	EndGlobalSection
	GlobalSection(ExtensibilityGlobals) = postSolution
		SolutionGuid = {17DF34E7-327E-4628-89FD-AD195C117D56}
	EndGlobalSection
EndGlobal
